{
  "requires": true,
  "lockfileVersion": 1,
  "dependencies": {
    "@prisma/engines": {
      "version": "4.3.1",
      "resolved": "https://registry.npmjs.org/@prisma/engines/-/engines-4.3.1.tgz",
      "integrity": "sha512-4JF/uMaEDAPdcdZNOrnzE3BvrbGpjgV0FcPT3EVoi6I86fWkloqqxBt+KcK/+fIRR0Pxj66uGR9wVH8U1Y13JA=="
    }
  }
}
